
Microsoft Visual Studio Solution File, Format Version 12.00
# Visual Studio 2012
Project("{FAE04EC0-301F-11D3-BF4B-00C04F79EFBC}") = "kidd.Common", "kidd.Common\kidd.Common.csproj", "{42D7E188-C502-4F0C-BC67-16A0C96736BC}"
EndProject
Project("{FAE04EC0-301F-11D3-BF4B-00C04F79EFBC}") = "kidd.Common.Test", "kidd.Common.Test\kidd.Common.Test.csproj", "{8A566A6B-5DD3-4A77-B720-506470D2634A}"
EndProject
Project("{FAE04EC0-301F-11D3-BF4B-00C04F79EFBC}") = "kidd.Web", "kidd.Web\kidd.Web.csproj", "{2ED8E9B4-1853-4113-A572-ACAF4AB968CD}"
EndProject
Project("{FAE04EC0-301F-11D3-BF4B-00C04F79EFBC}") = "kidd.Web.Test", "kidd.Web.Test\kidd.Web.Test.csproj", "{3DF11B83-CE79-4CBB-935E-4E066DFE6EEB}"
EndProject
Global
	GlobalSection(SolutionConfigurationPlatforms) = preSolution
		Debug|Any CPU = Debug|Any CPU
		Release|Any CPU = Release|Any CPU
	EndGlobalSection
	GlobalSection(ProjectConfigurationPlatforms) = postSolution
		{42D7E188-C502-4F0C-BC67-16A0C96736BC}.Debug|Any CPU.ActiveCfg = Debug|Any CPU
		{42D7E188-C502-4F0C-BC67-16A0C96736BC}.Debug|Any CPU.Build.0 = Debug|Any CPU
		{42D7E188-C502-4F0C-BC67-16A0C96736BC}.Release|Any CPU.ActiveCfg = Release|Any CPU
		{42D7E188-C502-4F0C-BC67-16A0C96736BC}.Release|Any CPU.Build.0 = Release|Any CPU
		{8A566A6B-5DD3-4A77-B720-506470D2634A}.Debug|Any CPU.ActiveCfg = Debug|Any CPU
		{8A566A6B-5DD3-4A77-B720-506470D2634A}.Debug|Any CPU.Build.0 = Debug|Any CPU
		{8A566A6B-5DD3-4A77-B720-506470D2634A}.Release|Any CPU.ActiveCfg = Release|Any CPU
		{8A566A6B-5DD3-4A77-B720-506470D2634A}.Release|Any CPU.Build.0 = Release|Any CPU
		{2ED8E9B4-1853-4113-A572-ACAF4AB968CD}.Debug|Any CPU.ActiveCfg = Debug|Any CPU
		{2ED8E9B4-1853-4113-A572-ACAF4AB968CD}.Debug|Any CPU.Build.0 = Debug|Any CPU
		{2ED8E9B4-1853-4113-A572-ACAF4AB968CD}.Release|Any CPU.ActiveCfg = Release|Any CPU
		{2ED8E9B4-1853-4113-A572-ACAF4AB968CD}.Release|Any CPU.Build.0 = Release|Any CPU
		{3DF11B83-CE79-4CBB-935E-4E066DFE6EEB}.Debug|Any CPU.ActiveCfg = Debug|Any CPU
		{3DF11B83-CE79-4CBB-935E-4E066DFE6EEB}.Debug|Any CPU.Build.0 = Debug|Any CPU
		{3DF11B83-CE79-4CBB-935E-4E066DFE6EEB}.Release|Any CPU.ActiveCfg = Release|Any CPU
		{3DF11B83-CE79-4CBB-935E-4E066DFE6EEB}.Release|Any CPU.Build.0 = Release|Any CPU
	EndGlobalSection
	GlobalSection(SolutionProperties) = preSolution
		HideSolutionNode = FALSE
	EndGlobalSection
EndGlobal
